
Microsoft Visual Studio Solution File, Format Version 12.00
# Visual Studio 14
VisualStudioVersion = 14.0.23107.0
MinimumVisualStudioVersion = 10.0.40219.1
Project("{FAE04EC0-301F-11D3-BF4B-00C04F79EFBC}") = "DotNetGoogleSheets", "DotNetGoogleSheets\DotNetGoogleSheets.csproj", "{01809682-1B8A-4E73-8BCC-7FBD4AE58475}"
EndProject
Project("{FAE04EC0-301F-11D3-BF4B-00C04F79EFBC}") = "SampleProject", "SampleProject\SampleProject.csproj", "{5E708088-D932-4367-815C-A46F17CA672E}"
EndProject
Global
	GlobalSection(SolutionConfigurationPlatforms) = preSolution
		Debug|Any CPU = Debug|Any CPU
		Release|Any CPU = Release|Any CPU
	EndGlobalSection
	GlobalSection(ProjectConfigurationPlatforms) = postSolution
		{01809682-1B8A-4E73-8BCC-7FBD4AE58475}.Debug|Any CPU.ActiveCfg = Debug|Any CPU
		{01809682-1B8A-4E73-8BCC-7FBD4AE58475}.Debug|Any CPU.Build.0 = Debug|Any CPU
		{01809682-1B8A-4E73-8BCC-7FBD4AE58475}.Release|Any CPU.ActiveCfg = Release|Any CPU
		{01809682-1B8A-4E73-8BCC-7FBD4AE58475}.Release|Any CPU.Build.0 = Release|Any CPU
		{5E708088-D932-4367-815C-A46F17CA672E}.Debug|Any CPU.ActiveCfg = Debug|Any CPU
		{5E708088-D932-4367-815C-A46F17CA672E}.Debug|Any CPU.Build.0 = Debug|Any CPU
		{5E708088-D932-4367-815C-A46F17CA672E}.Release|Any CPU.ActiveCfg = Release|Any CPU
		{5E708088-D932-4367-815C-A46F17CA672E}.Release|Any CPU.Build.0 = Release|Any CPU
	EndGlobalSection
	GlobalSection(SolutionProperties) = preSolution
		HideSolutionNode = FALSE
	EndGlobalSection
EndGlobal
